
Microsoft Visual Studio Solution File, Format Version 11.00
# Visual Studio 2010
Project("{FAE04EC0-301F-11D3-BF4B-00C04F79EFBC}") = "WindowsApplication22", "WindowsApplication22.csproj", "{10223129-78E0-4351-BB0E-AAE0F21B4180}"
EndProject
Global
	GlobalSection(SolutionConfigurationPlatforms) = preSolution
		Debug|Any CPU = Debug|Any CPU
		Release|Any CPU = Release|Any CPU
	EndGlobalSection
	GlobalSection(ProjectConfigurationPlatforms) = postSolution
		{10223129-78E0-4351-BB0E-AAE0F21B4180}.Debug|Any CPU.ActiveCfg = Debug|Any CPU
		{10223129-78E0-4351-BB0E-AAE0F21B4180}.Debug|Any CPU.Build.0 = Debug|Any CPU
		{10223129-78E0-4351-BB0E-AAE0F21B4180}.Release|Any CPU.ActiveCfg = Release|Any CPU
		{10223129-78E0-4351-BB0E-AAE0F21B4180}.Release|Any CPU.Build.0 = Release|Any CPU
	EndGlobalSection
	GlobalSection(SolutionProperties) = preSolution
		HideSolutionNode = FALSE
	EndGlobalSection
EndGlobal
